# This file is automatically @generated by Cargo.
# It is not intended for manual editing.
version = 4

[[package]]
name = "m32-archive"
version = "0.0.0"

[[package]]
name = "m32-audio"
version = "0.0.0"

[[package]]
name = "m32-desktop"
version = "0.0.0"

[[package]]
name = "m32-display"
version = "0.0.0"

[[package]]
name = "m32-dna"
version = "0.0.0"

[[package]]
name = "m32-doctor"
version = "0.0.0"

[[package]]
name = "m32-domain"
version = "0.0.0"

[[package]]
name = "m32-emulator-api"
version = "0.0.0"

[[package]]
name = "m32-input"
version = "0.0.0"

[[package]]
name = "m32-library"
version = "0.0.0"

[[package]]
name = "m32-test-fixtures"
version = "0.0.0"

[[package]]
name = "m32-timeline"
version = "0.0.0"

[[package]]
name = "m32-ui"
version = "0.0.0"

[[package]]
name = "m32-wie-adapter"
version = "0.0.0"
